{
  "lockfileVersion": 1,
  "configVersion": 1,
  "workspaces": {
    "": {
      "name": "faraday-os-frontend",
      "dependencies": {
        "@arrow-js/core": "^1.0.0-alpha.11",
      },
      "devDependencies": {
        "typescript": "^5.8.0",
      },
    },
  },
  "packages": {
    "@arrow-js/core": ["@arrow-js/core@1.0.6", "", {}, "sha512-75f4N0iHtHTwgxf9XS8a1vtfGZZmCvqT0Ix+ScDLclNuR9Fqp2yOIK1u8vmN1BPsS4aRfMVTdSFSmgGCqkJSCg=="],

    "typescript": ["typescript@5.9.3", "", { "bin": { "tsc": "bin/tsc", "tsserver": "bin/tsserver" } }, "sha512-jl1vZzPDinLr9eUt3J/t7V6FgNEw9QjvBPdysz9KfQDD41fQrC2Y4vKQdiaUpFT4bXlb1RHhLpp8wtm6M5TgSw=="],
  }
}
